
Microsoft Visual Studio Solution File, Format Version 12.00
# Visual Studio Version 16
VisualStudioVersion = 16.0.33801.447
MinimumVisualStudioVersion = 10.0.40219.1
Project("{FAE04EC0-301F-11D3-BF4B-00C04F79EFBC}") = "Staj", "Staj\Staj.csproj", "{C44E7389-46EE-4603-988D-08911AEF01B3}"
EndProject
Global
	GlobalSection(SolutionConfigurationPlatforms) = preSolution
		Debug|Any CPU = Debug|Any CPU
		Release|Any CPU = Release|Any CPU
	EndGlobalSection
	GlobalSection(ProjectConfigurationPlatforms) = postSolution
		{C44E7389-46EE-4603-988D-08911AEF01B3}.Debug|Any CPU.ActiveCfg = Debug|Any CPU
		{C44E7389-46EE-4603-988D-08911AEF01B3}.Debug|Any CPU.Build.0 = Debug|Any CPU
		{C44E7389-46EE-4603-988D-08911AEF01B3}.Release|Any CPU.ActiveCfg = Release|Any CPU
		{C44E7389-46EE-4603-988D-08911AEF01B3}.Release|Any CPU.Build.0 = Release|Any CPU
	EndGlobalSection
	GlobalSection(SolutionProperties) = preSolution
		HideSolutionNode = FALSE
	EndGlobalSection
	GlobalSection(ExtensibilityGlobals) = postSolution
		SolutionGuid = {97E53C37-8F5D-4F61-B2B8-FD58FA373433}
	EndGlobalSection
EndGlobal
